// !$*UTF8*$!
{
	archiveVersion = 1;
	classes = {
	};
	objectVersion = 56;
	objects = {

/* Begin PBXBuildFile section */
		790070CF2AB37C6F00D1CD3A /* PeriodicTableJSON.json in Resources */ = {isa = PBXBuildFile; fileRef = 790070CE2AB37C6F00D1CD3A /* PeriodicTableJSON.json */; };
		790070D12AB37C8E00D1CD3A /* ElementModel.swift in Sources */ = {isa = PBXBuildFile; fileRef = 790070D02AB37C8E00D1CD3A /* ElementModel.swift */; };
		790070D52AB399FA00D1CD3A /* ChemistryView.swift in Sources */ = {isa = PBXBuildFile; fileRef = 790070D42AB399FA00D1CD3A /* ChemistryView.swift */; };
		790070D72AB39A0A00D1CD3A /* ElementOverview.swift in Sources */ = {isa = PBXBuildFile; fileRef = 790070D62AB39A0A00D1CD3A /* ElementOverview.swift */; };
		791C596C2ABB2EAE007CCAB8 /* PerodicTest.swift in Sources */ = {isa = PBXBuildFile; fileRef = 791C596B2ABB2EAE007CCAB8 /* PerodicTest.swift */; };
		791C59702ABB317F007CCAB8 /* Localizable.strings in Resources */ = {isa = PBXBuildFile; fileRef = 791C59722ABB317F007CCAB8 /* Localizable.strings */; };
		791C59752ABB3392007CCAB8 /* SearchTable.swift in Sources */ = {isa = PBXBuildFile; fileRef = 791C59742ABB3392007CCAB8 /* SearchTable.swift */; };
		793464742AB572EA00407F15 /* InfoImage.swift in Sources */ = {isa = PBXBuildFile; fileRef = 793464732AB572EA00407F15 /* InfoImage.swift */; };
		793464762AB573FA00407F15 /* InfoSign.swift in Sources */ = {isa = PBXBuildFile; fileRef = 793464752AB573FA00407F15 /* InfoSign.swift */; };
		793464782AB57F7A00407F15 /* InfoBasic.swift in Sources */ = {isa = PBXBuildFile; fileRef = 793464772AB57F7A00407F15 /* InfoBasic.swift */; };
		7938C57D2AB70018001189D2 /* PeriodicTableView.swift in Sources */ = {isa = PBXBuildFile; fileRef = 7938C57C2AB70018001189D2 /* PeriodicTableView.swift */; };
		795C6E4F2AB4976000BB077C /* JSONtoSwiftDataconverter.swift in Sources */ = {isa = PBXBuildFile; fileRef = 795C6E4E2AB4976000BB077C /* JSONtoSwiftDataconverter.swift */; };
		795C6E522AB4DBC600BB077C /* testdata.json in Resources */ = {isa = PBXBuildFile; fileRef = 795C6E512AB4DBC600BB077C /* testdata.json */; };
		795C6E542AB4E33B00BB077C /* ElementInfoView.swift in Sources */ = {isa = PBXBuildFile; fileRef = 795C6E532AB4E33B00BB077C /* ElementInfoView.swift */; };
		7968576E2AB72E9000A0594C /* ReusableFunc.swift in Sources */ = {isa = PBXBuildFile; fileRef = 7968576D2AB72E9000A0594C /* ReusableFunc.swift */; };
		796857712AB885D800A0594C /* GameModel.swift in Sources */ = {isa = PBXBuildFile; fileRef = 796857702AB885D800A0594C /* GameModel.swift */; };
		796857732AB8906500A0594C /* GamePeriodicTableView.swift in Sources */ = {isa = PBXBuildFile; fileRef = 796857722AB8906500A0594C /* GamePeriodicTableView.swift */; };
		79BBAB182ABB491F00971A25 /* ActualPeriodicTable.swift in Sources */ = {isa = PBXBuildFile; fileRef = 79BBAB172ABB491F00971A25 /* ActualPeriodicTable.swift */; };
		79BBAB1A2ABB4C8800971A25 /* GamePSetupView.swift in Sources */ = {isa = PBXBuildFile; fileRef = 79BBAB192ABB4C8800971A25 /* GamePSetupView.swift */; };
		79F93DD82AB21F400075DC69 /* FlashCardsApp.swift in Sources */ = {isa = PBXBuildFile; fileRef = 79F93DD72AB21F400075DC69 /* FlashCardsApp.swift */; };
		79F93DDA2AB21F400075DC69 /* ContentView.swift in Sources */ = {isa = PBXBuildFile; fileRef = 79F93DD92AB21F400075DC69 /* ContentView.swift */; };
		79F93DDC2AB21F400075DC69 /* Item.swift in Sources */ = {isa = PBXBuildFile; fileRef = 79F93DDB2AB21F400075DC69 /* Item.swift */; };
		79F93DDE2AB21F420075DC69 /* Assets.xcassets in Resources */ = {isa = PBXBuildFile; fileRef = 79F93DDD2AB21F420075DC69 /* Assets.xcassets */; };
		79F93DE12AB21F420075DC69 /* Preview Assets.xcassets in Resources */ = {isa = PBXBuildFile; fileRef = 79F93DE02AB21F420075DC69 /* Preview Assets.xcassets */; };
/* End PBXBuildFile section */

/* Begin PBXFileReference section */
		790070CE2AB37C6F00D1CD3A /* PeriodicTableJSON.json */ = {isa = PBXFileReference; fileEncoding = 4; lastKnownFileType = text.json; path = PeriodicTableJSON.json; sourceTree = "<group>"; };
		790070D02AB37C8E00D1CD3A /* ElementModel.swift */ = {isa = PBXFileReference; lastKnownFileType = sourcecode.swift; path = ElementModel.swift; sourceTree = "<group>"; };
		790070D42AB399FA00D1CD3A /* ChemistryView.swift */ = {isa = PBXFileReference; lastKnownFileType = sourcecode.swift; path = ChemistryView.swift; sourceTree = "<group>"; };
		790070D62AB39A0A00D1CD3A /* ElementOverview.swift */ = {isa = PBXFileReference; lastKnownFileType = sourcecode.swift; path = ElementOverview.swift; sourceTree = "<group>"; };
		791C596B2ABB2EAE007CCAB8 /* PerodicTest.swift */ = {isa = PBXFileReference; lastKnownFileType = sourcecode.swift; path = PerodicTest.swift; sourceTree = "<group>"; };
		791C59712ABB317F007CCAB8 /* cs */ = {isa = PBXFileReference; lastKnownFileType = text.plist.strings; name = cs; path = cs.lproj/Localizable.strings; sourceTree = "<group>"; };
		791C59732ABB3181007CCAB8 /* en */ = {isa = PBXFileReference; lastKnownFileType = text.plist.strings; name = en; path = en.lproj/Localizable.strings; sourceTree = "<group>"; };
		791C59742ABB3392007CCAB8 /* SearchTable.swift */ = {isa = PBXFileReference; lastKnownFileType = sourcecode.swift; path = SearchTable.swift; sourceTree = "<group>"; };
		793464732AB572EA00407F15 /* InfoImage.swift */ = {isa = PBXFileReference; lastKnownFileType = sourcecode.swift; path = InfoImage.swift; sourceTree = "<group>"; };
		793464752AB573FA00407F15 /* InfoSign.swift */ = {isa = PBXFileReference; lastKnownFileType = sourcecode.swift; path = InfoSign.swift; sourceTree = "<group>"; };
		793464772AB57F7A00407F15 /* InfoBasic.swift */ = {isa = PBXFileReference; lastKnownFileType = sourcecode.swift; path = InfoBasic.swift; sourceTree = "<group>"; };
		7938C57C2AB70018001189D2 /* PeriodicTableView.swift */ = {isa = PBXFileReference; lastKnownFileType = sourcecode.swift; path = PeriodicTableView.swift; sourceTree = "<group>"; };
		795C6E4E2AB4976000BB077C /* JSONtoSwiftDataconverter.swift */ = {isa = PBXFileReference; lastKnownFileType = sourcecode.swift; path = JSONtoSwiftDataconverter.swift; sourceTree = "<group>"; };
		795C6E512AB4DBC600BB077C /* testdata.json */ = {isa = PBXFileReference; fileEncoding = 4; lastKnownFileType = text.json; path = testdata.json; sourceTree = "<group>"; };
		795C6E532AB4E33B00BB077C /* ElementInfoView.swift */ = {isa = PBXFileReference; lastKnownFileType = sourcecode.swift; path = ElementInfoView.swift; sourceTree = "<group>"; };
		7968576D2AB72E9000A0594C /* ReusableFunc.swift */ = {isa = PBXFileReference; lastKnownFileType = sourcecode.swift; path = ReusableFunc.swift; sourceTree = "<group>"; };
		796857702AB885D800A0594C /* GameModel.swift */ = {isa = PBXFileReference; lastKnownFileType = sourcecode.swift; path = GameModel.swift; sourceTree = "<group>"; };
		796857722AB8906500A0594C /* GamePeriodicTableView.swift */ = {isa = PBXFileReference; lastKnownFileType = sourcecode.swift; path = GamePeriodicTableView.swift; sourceTree = "<group>"; };
		79BBAB172ABB491F00971A25 /* ActualPeriodicTable.swift */ = {isa = PBXFileReference; lastKnownFileType = sourcecode.swift; path = ActualPeriodicTable.swift; sourceTree = "<group>"; };
		79BBAB192ABB4C8800971A25 /* GamePSetupView.swift */ = {isa = PBXFileReference; lastKnownFileType = sourcecode.swift; path = GamePSetupView.swift; sourceTree = "<group>"; };
		79F93DD42AB21F400075DC69 /* Thullium.app */ = {isa = PBXFileReference; explicitFileType = wrapper.application; includeInIndex = 0; path = Thullium.app; sourceTree = BUILT_PRODUCTS_DIR; };
		79F93DD72AB21F400075DC69 /* FlashCardsApp.swift */ = {isa = PBXFileReference; lastKnownFileType = sourcecode.swift; path = FlashCardsApp.swift; sourceTree = "<group>"; };
		79F93DD92AB21F400075DC69 /* ContentView.swift */ = {isa = PBXFileReference; lastKnownFileType = sourcecode.swift; path = ContentView.swift; sourceTree = "<group>"; };
		79F93DDB2AB21F400075DC69 /* Item.swift */ = {isa = PBXFileReference; lastKnownFileType = sourcecode.swift; path = Item.swift; sourceTree = "<group>"; };
		79F93DDD2AB21F420075DC69 /* Assets.xcassets */ = {isa = PBXFileReference; lastKnownFileType = folder.assetcatalog; path = Assets.xcassets; sourceTree = "<group>"; };
		79F93DE02AB21F420075DC69 /* Preview Assets.xcassets */ = {isa = PBXFileReference; lastKnownFileType = folder.assetcatalog; path = "Preview Assets.xcassets"; sourceTree = "<group>"; };
/* End PBXFileReference section */

/* Begin PBXFrameworksBuildPhase section */
		79F93DD12AB21F400075DC69 /* Frameworks */ = {
			isa = PBXFrameworksBuildPhase;
			buildActionMask = 2147483647;
			files = (
			);
			runOnlyForDeploymentPostprocessing = 0;
		};
/* End PBXFrameworksBuildPhase section */

/* Begin PBXGroup section */
		790070CD2AB37C5900D1CD3A /* Resources */ = {
			isa = PBXGroup;
			children = (
			);
			path = Resources;
			sourceTree = "<group>";
		};
		790070D22AB37CC200D1CD3A /* Models */ = {
			isa = PBXGroup;
			children = (
				7968576F2AB885CA00A0594C /* Game */,
				795C6E502AB4976400BB077C /* SwiftData */,
				7968576D2AB72E9000A0594C /* ReusableFunc.swift */,
				791C59742ABB3392007CCAB8 /* SearchTable.swift */,
			);
			path = Models;
			sourceTree = "<group>";
		};
		790070D32AB399E700D1CD3A /* Views */ = {
			isa = PBXGroup;
			children = (
				7938C57B2AB62C87001189D2 /* Chemistry */,
			);
			path = Views;
			sourceTree = "<group>";
		};
		791C596D2ABB307D007CCAB8 /* PeriodicTable */ = {
			isa = PBXGroup;
			children = (
				7938C57C2AB70018001189D2 /* PeriodicTableView.swift */,
				791C596B2ABB2EAE007CCAB8 /* PerodicTest.swift */,
				796857722AB8906500A0594C /* GamePeriodicTableView.swift */,
				79BBAB172ABB491F00971A25 /* ActualPeriodicTable.swift */,
				79BBAB192ABB4C8800971A25 /* GamePSetupView.swift */,
			);
			path = PeriodicTable;
			sourceTree = "<group>";
		};
		793464722AB572AD00407F15 /* ElementInfoGroup */ = {
			isa = PBXGroup;
			children = (
				793464732AB572EA00407F15 /* InfoImage.swift */,
				793464752AB573FA00407F15 /* InfoSign.swift */,
				793464772AB57F7A00407F15 /* InfoBasic.swift */,
			);
			path = ElementInfoGroup;
			sourceTree = "<group>";
		};
		7938C57B2AB62C87001189D2 /* Chemistry */ = {
			isa = PBXGroup;
			children = (
				790070D42AB399FA00D1CD3A /* ChemistryView.swift */,
				7968576C2AB72E5B00A0594C /* ChemistryGroup */,
			);
			path = Chemistry;
			sourceTree = "<group>";
		};
		795C6E502AB4976400BB077C /* SwiftData */ = {
			isa = PBXGroup;
			children = (
				79F93DDB2AB21F400075DC69 /* Item.swift */,
				790070D02AB37C8E00D1CD3A /* ElementModel.swift */,
				795C6E4E2AB4976000BB077C /* JSONtoSwiftDataconverter.swift */,
			);
			path = SwiftData;
			sourceTree = "<group>";
		};
		7968576C2AB72E5B00A0594C /* ChemistryGroup */ = {
			isa = PBXGroup;
			children = (
				791C596D2ABB307D007CCAB8 /* PeriodicTable */,
				790070D62AB39A0A00D1CD3A /* ElementOverview.swift */,
				795C6E532AB4E33B00BB077C /* ElementInfoView.swift */,
				793464722AB572AD00407F15 /* ElementInfoGroup */,
			);
			path = ChemistryGroup;
			sourceTree = "<group>";
		};
		7968576F2AB885CA00A0594C /* Game */ = {
			isa = PBXGroup;
			children = (
				796857702AB885D800A0594C /* GameModel.swift */,
			);
			path = Game;
			sourceTree = "<group>";
		};
		79F93DCB2AB21F3F0075DC69 = {
			isa = PBXGroup;
			children = (
				79F93DD62AB21F400075DC69 /* Thullium */,
				79F93DD52AB21F400075DC69 /* Products */,
			);
			sourceTree = "<group>";
		};
		79F93DD52AB21F400075DC69 /* Products */ = {
			isa = PBXGroup;
			children = (
				79F93DD42AB21F400075DC69 /* Thullium.app */,
			);
			name = Products;
			sourceTree = "<group>";
		};
		79F93DD62AB21F400075DC69 /* Thullium */ = {
			isa = PBXGroup;
			children = (
				790070D32AB399E700D1CD3A /* Views */,
				790070D22AB37CC200D1CD3A /* Models */,
				79F93DD72AB21F400075DC69 /* FlashCardsApp.swift */,
				79F93DD92AB21F400075DC69 /* ContentView.swift */,
				795C6E512AB4DBC600BB077C /* testdata.json */,
				790070CE2AB37C6F00D1CD3A /* PeriodicTableJSON.json */,
				790070CD2AB37C5900D1CD3A /* Resources */,
				79F93DDD2AB21F420075DC69 /* Assets.xcassets */,
				79F93DDF2AB21F420075DC69 /* Preview Content */,
				791C59722ABB317F007CCAB8 /* Localizable.strings */,
			);
			path = Thullium;
			sourceTree = "<group>";
		};
		79F93DDF2AB21F420075DC69 /* Preview Content */ = {
			isa = PBXGroup;
			children = (
				79F93DE02AB21F420075DC69 /* Preview Assets.xcassets */,
			);
			path = "Preview Content";
			sourceTree = "<group>";
		};
/* End PBXGroup section */

/* Begin PBXNativeTarget section */
		79F93DD32AB21F400075DC69 /* Thullium */ = {
			isa = PBXNativeTarget;
			buildConfigurationList = 79F93DE42AB21F420075DC69 /* Build configuration list for PBXNativeTarget "Thullium" */;
			buildPhases = (
				79F93DD02AB21F400075DC69 /* Sources */,
				79F93DD12AB21F400075DC69 /* Frameworks */,
				79F93DD22AB21F400075DC69 /* Resources */,
			);
			buildRules = (
			);
			dependencies = (
			);
			name = Thullium;
			productName = FlashCards;
			productReference = 79F93DD42AB21F400075DC69 /* Thullium.app */;
			productType = "com.apple.product-type.application";
		};
/* End PBXNativeTarget section */

/* Begin PBXProject section */
		79F93DCC2AB21F3F0075DC69 /* Project object */ = {
			isa = PBXProject;
			attributes = {
				BuildIndependentTargetsInParallel = 1;
				LastSwiftUpdateCheck = 1500;
				LastUpgradeCheck = 1500;
				TargetAttributes = {
					79F93DD32AB21F400075DC69 = {
						CreatedOnToolsVersion = 15.0;
					};
				};
			};
			buildConfigurationList = 79F93DCF2AB21F3F0075DC69 /* Build configuration list for PBXProject "Thullium" */;
			compatibilityVersion = "Xcode 14.0";
			developmentRegion = en;
			hasScannedForEncodings = 0;
			knownRegions = (
				en,
				Base,
				cs,
			);
			mainGroup = 79F93DCB2AB21F3F0075DC69;
			productRefGroup = 79F93DD52AB21F400075DC69 /* Products */;
			projectDirPath = "";
			projectRoot = "";
			targets = (
				79F93DD32AB21F400075DC69 /* Thullium */,
			);
		};
/* End PBXProject section */

/* Begin PBXResourcesBuildPhase section */
		79F93DD22AB21F400075DC69 /* Resources */ = {
			isa = PBXResourcesBuildPhase;
			buildActionMask = 2147483647;
			files = (
				791C59702ABB317F007CCAB8 /* Localizable.strings in Resources */,
				79F93DE12AB21F420075DC69 /* Preview Assets.xcassets in Resources */,
				79F93DDE2AB21F420075DC69 /* Assets.xcassets in Resources */,
				790070CF2AB37C6F00D1CD3A /* PeriodicTableJSON.json in Resources */,
				795C6E522AB4DBC600BB077C /* testdata.json in Resources */,
			);
			runOnlyForDeploymentPostprocessing = 0;
		};
/* End PBXResourcesBuildPhase section */

/* Begin PBXSourcesBuildPhase section */
		79F93DD02AB21F400075DC69 /* Sources */ = {
			isa = PBXSourcesBuildPhase;
			buildActionMask = 2147483647;
			files = (
				7938C57D2AB70018001189D2 /* PeriodicTableView.swift in Sources */,
				793464782AB57F7A00407F15 /* InfoBasic.swift in Sources */,
				796857732AB8906500A0594C /* GamePeriodicTableView.swift in Sources */,
				790070D12AB37C8E00D1CD3A /* ElementModel.swift in Sources */,
				790070D72AB39A0A00D1CD3A /* ElementOverview.swift in Sources */,
				79BBAB182ABB491F00971A25 /* ActualPeriodicTable.swift in Sources */,
				79F93DDA2AB21F400075DC69 /* ContentView.swift in Sources */,
				796857712AB885D800A0594C /* GameModel.swift in Sources */,
				79F93DDC2AB21F400075DC69 /* Item.swift in Sources */,
				791C596C2ABB2EAE007CCAB8 /* PerodicTest.swift in Sources */,
				79F93DD82AB21F400075DC69 /* FlashCardsApp.swift in Sources */,
				79BBAB1A2ABB4C8800971A25 /* GamePSetupView.swift in Sources */,
				791C59752ABB3392007CCAB8 /* SearchTable.swift in Sources */,
				795C6E4F2AB4976000BB077C /* JSONtoSwiftDataconverter.swift in Sources */,
				7968576E2AB72E9000A0594C /* ReusableFunc.swift in Sources */,
				790070D52AB399FA00D1CD3A /* ChemistryView.swift in Sources */,
				793464742AB572EA00407F15 /* InfoImage.swift in Sources */,
				793464762AB573FA00407F15 /* InfoSign.swift in Sources */,
				795C6E542AB4E33B00BB077C /* ElementInfoView.swift in Sources */,
			);
			runOnlyForDeploymentPostprocessing = 0;
		};
/* End PBXSourcesBuildPhase section */

/* Begin PBXVariantGroup section */
		791C59722ABB317F007CCAB8 /* Localizable.strings */ = {
			isa = PBXVariantGroup;
			children = (
				791C59712ABB317F007CCAB8 /* cs */,
				791C59732ABB3181007CCAB8 /* en */,
			);
			name = Localizable.strings;
			sourceTree = "<group>";
		};
/* End PBXVariantGroup section */

/* Begin XCBuildConfiguration section */
		79F93DE22AB21F420075DC69 /* Debug */ = {
			isa = XCBuildConfiguration;
			buildSettings = {
				ALWAYS_SEARCH_USER_PATHS = NO;
				ASSETCATALOG_COMPILER_GENERATE_SWIFT_ASSET_SYMBOL_EXTENSIONS = YES;
				CLANG_ANALYZER_NONNULL = YES;
				CLANG_ANALYZER_NUMBER_OBJECT_CONVERSION = YES_AGGRESSIVE;
				CLANG_CXX_LANGUAGE_STANDARD = "gnu++20";
				CLANG_ENABLE_MODULES = YES;
				CLANG_ENABLE_OBJC_ARC = YES;
				CLANG_ENABLE_OBJC_WEAK = YES;
				CLANG_WARN_BLOCK_CAPTURE_AUTORELEASING = YES;
				CLANG_WARN_BOOL_CONVERSION = YES;
				CLANG_WARN_COMMA = YES;
				CLANG_WARN_CONSTANT_CONVERSION = YES;
				CLANG_WARN_DEPRECATED_OBJC_IMPLEMENTATIONS = YES;
				CLANG_WARN_DIRECT_OBJC_ISA_USAGE = YES_ERROR;
				CLANG_WARN_DOCUMENTATION_COMMENTS = YES;
				CLANG_WARN_EMPTY_BODY = YES;
				CLANG_WARN_ENUM_CONVERSION = YES;
				CLANG_WARN_INFINITE_RECURSION = YES;
				CLANG_WARN_INT_CONVERSION = YES;
				CLANG_WARN_NON_LITERAL_NULL_CONVERSION = YES;
				CLANG_WARN_OBJC_IMPLICIT_RETAIN_SELF = YES;
				CLANG_WARN_OBJC_LITERAL_CONVERSION = YES;
				CLANG_WARN_OBJC_ROOT_CLASS = YES_ERROR;
				CLANG_WARN_QUOTED_INCLUDE_IN_FRAMEWORK_HEADER = YES;
				CLANG_WARN_RANGE_LOOP_ANALYSIS = YES;
				CLANG_WARN_STRICT_PROTOTYPES = YES;
				CLANG_WARN_SUSPICIOUS_MOVE = YES;
				CLANG_WARN_UNGUARDED_AVAILABILITY = YES_AGGRESSIVE;
				CLANG_WARN_UNREACHABLE_CODE = YES;
				CLANG_WARN__DUPLICATE_METHOD_MATCH = YES;
				COPY_PHASE_STRIP = NO;
				DEBUG_INFORMATION_FORMAT = dwarf;
				ENABLE_STRICT_OBJC_MSGSEND = YES;
				ENABLE_TESTABILITY = YES;
				ENABLE_USER_SCRIPT_SANDBOXING = YES;
				GCC_C_LANGUAGE_STANDARD = gnu17;
				GCC_DYNAMIC_NO_PIC = NO;
				GCC_NO_COMMON_BLOCKS = YES;
				GCC_OPTIMIZATION_LEVEL = 0;
				GCC_PREPROCESSOR_DEFINITIONS = (
					"DEBUG=1",
					"$(inherited)",
				);
				GCC_WARN_64_TO_32_BIT_CONVERSION = YES;
				GCC_WARN_ABOUT_RETURN_TYPE = YES_ERROR;
				GCC_WARN_UNDECLARED_SELECTOR = YES;
				GCC_WARN_UNINITIALIZED_AUTOS = YES_AGGRESSIVE;
				GCC_WARN_UNUSED_FUNCTION = YES;
				GCC_WARN_UNUSED_VARIABLE = YES;
				IPHONEOS_DEPLOYMENT_TARGET = 17.0;
				LOCALIZATION_PREFERS_STRING_CATALOGS = YES;
				MTL_ENABLE_DEBUG_INFO = INCLUDE_SOURCE;
				MTL_FAST_MATH = YES;
				ONLY_ACTIVE_ARCH = YES;
				SDKROOT = iphoneos;
				SWIFT_ACTIVE_COMPILATION_CONDITIONS = "DEBUG $(inherited)";
				SWIFT_OPTIMIZATION_LEVEL = "-Onone";
			};
			name = Debug;
		};
		79F93DE32AB21F420075DC69 /* Release */ = {
			isa = XCBuildConfiguration;
			buildSettings = {
				ALWAYS_SEARCH_USER_PATHS = NO;
				ASSETCATALOG_COMPILER_GENERATE_SWIFT_ASSET_SYMBOL_EXTENSIONS = YES;
				CLANG_ANALYZER_NONNULL = YES;
				CLANG_ANALYZER_NUMBER_OBJECT_CONVERSION = YES_AGGRESSIVE;
				CLANG_CXX_LANGUAGE_STANDARD = "gnu++20";
				CLANG_ENABLE_MODULES = YES;
				CLANG_ENABLE_OBJC_ARC = YES;
				CLANG_ENABLE_OBJC_WEAK = YES;
				CLANG_WARN_BLOCK_CAPTURE_AUTORELEASING = YES;
				CLANG_WARN_BOOL_CONVERSION = YES;
				CLANG_WARN_COMMA = YES;
				CLANG_WARN_CONSTANT_CONVERSION = YES;
				CLANG_WARN_DEPRECATED_OBJC_IMPLEMENTATIONS = YES;
				CLANG_WARN_DIRECT_OBJC_ISA_USAGE = YES_ERROR;
				CLANG_WARN_DOCUMENTATION_COMMENTS = YES;
				CLANG_WARN_EMPTY_BODY = YES;
				CLANG_WARN_ENUM_CONVERSION = YES;
				CLANG_WARN_INFINITE_RECURSION = YES;
				CLANG_WARN_INT_CONVERSION = YES;
				CLANG_WARN_NON_LITERAL_NULL_CONVERSION = YES;
				CLANG_WARN_OBJC_IMPLICIT_RETAIN_SELF = YES;
				CLANG_WARN_OBJC_LITERAL_CONVERSION = YES;
				CLANG_WARN_OBJC_ROOT_CLASS = YES_ERROR;
				CLANG_WARN_QUOTED_INCLUDE_IN_FRAMEWORK_HEADER = YES;
				CLANG_WARN_RANGE_LOOP_ANALYSIS = YES;
				CLANG_WARN_STRICT_PROTOTYPES = YES;
				CLANG_WARN_SUSPICIOUS_MOVE = YES;
				CLANG_WARN_UNGUARDED_AVAILABILITY = YES_AGGRESSIVE;
				CLANG_WARN_UNREACHABLE_CODE = YES;
				CLANG_WARN__DUPLICATE_METHOD_MATCH = YES;
				COPY_PHASE_STRIP = NO;
				DEBUG_INFORMATION_FORMAT = "dwarf-with-dsym";
				ENABLE_NS_ASSERTIONS = NO;
				ENABLE_STRICT_OBJC_MSGSEND = YES;
				ENABLE_USER_SCRIPT_SANDBOXING = YES;
				GCC_C_LANGUAGE_STANDARD = gnu17;
				GCC_NO_COMMON_BLOCKS = YES;
				GCC_WARN_64_TO_32_BIT_CONVERSION = YES;
				GCC_WARN_ABOUT_RETURN_TYPE = YES_ERROR;
				GCC_WARN_UNDECLARED_SELECTOR = YES;
				GCC_WARN_UNINITIALIZED_AUTOS = YES_AGGRESSIVE;
				GCC_WARN_UNUSED_FUNCTION = YES;
				GCC_WARN_UNUSED_VARIABLE = YES;
				IPHONEOS_DEPLOYMENT_TARGET = 17.0;
				LOCALIZATION_PREFERS_STRING_CATALOGS = YES;
				MTL_ENABLE_DEBUG_INFO = NO;
				MTL_FAST_MATH = YES;
				SDKROOT = iphoneos;
				SWIFT_COMPILATION_MODE = wholemodule;
				VALIDATE_PRODUCT = YES;
			};
			name = Release;
		};
		79F93DE52AB21F420075DC69 /* Debug */ = {
			isa = XCBuildConfiguration;
			buildSettings = {
				ASSETCATALOG_COMPILER_APPICON_NAME = AppIcon;
				ASSETCATALOG_COMPILER_GLOBAL_ACCENT_COLOR_NAME = AccentColor;
				CODE_SIGN_STYLE = Automatic;
				CURRENT_PROJECT_VERSION = 1;
				DEVELOPMENT_ASSET_PATHS = "\"Thullium/Preview Content\"";
				DEVELOPMENT_TEAM = 6Q38DY93CU;
				ENABLE_PREVIEWS = YES;
				GENERATE_INFOPLIST_FILE = YES;
				INFOPLIST_KEY_CFBundleDisplayName = Thullium;
				INFOPLIST_KEY_LSApplicationCategoryType = "public.app-category.education";
				INFOPLIST_KEY_UIApplicationSceneManifest_Generation = YES;
				INFOPLIST_KEY_UIApplicationSupportsIndirectInputEvents = YES;
				INFOPLIST_KEY_UILaunchScreen_Generation = YES;
				INFOPLIST_KEY_UISupportedInterfaceOrientations_iPad = "UIInterfaceOrientationPortrait UIInterfaceOrientationPortraitUpsideDown UIInterfaceOrientationLandscapeLeft UIInterfaceOrientationLandscapeRight";
				INFOPLIST_KEY_UISupportedInterfaceOrientations_iPhone = "UIInterfaceOrientationPortrait UIInterfaceOrientationLandscapeLeft UIInterfaceOrientationLandscapeRight";
				LD_RUNPATH_SEARCH_PATHS = (
					"$(inherited)",
					"@executable_path/Frameworks",
				);
				MARKETING_VERSION = 1.0;
				PRODUCT_BUNDLE_IDENTIFIER = com.richie.Thullium;
				PRODUCT_NAME = "$(TARGET_NAME)";
				SWIFT_EMIT_LOC_STRINGS = YES;
				SWIFT_VERSION = 5.0;
				TARGETED_DEVICE_FAMILY = "1,2";
			};
			name = Debug;
		};
		79F93DE62AB21F420075DC69 /* Release */ = {
			isa = XCBuildConfiguration;
			buildSettings = {
				ASSETCATALOG_COMPILER_APPICON_NAME = AppIcon;
				ASSETCATALOG_COMPILER_GLOBAL_ACCENT_COLOR_NAME = AccentColor;
				CODE_SIGN_STYLE = Automatic;
				CURRENT_PROJECT_VERSION = 1;
				DEVELOPMENT_ASSET_PATHS = "\"Thullium/Preview Content\"";
				DEVELOPMENT_TEAM = 6Q38DY93CU;
				ENABLE_PREVIEWS = YES;
				GENERATE_INFOPLIST_FILE = YES;
				INFOPLIST_KEY_CFBundleDisplayName = Thullium;
				INFOPLIST_KEY_LSApplicationCategoryType = "public.app-category.education";
				INFOPLIST_KEY_UIApplicationSceneManifest_Generation = YES;
				INFOPLIST_KEY_UIApplicationSupportsIndirectInputEvents = YES;
				INFOPLIST_KEY_UILaunchScreen_Generation = YES;
				INFOPLIST_KEY_UISupportedInterfaceOrientations_iPad = "UIInterfaceOrientationPortrait UIInterfaceOrientationPortraitUpsideDown UIInterfaceOrientationLandscapeLeft UIInterfaceOrientationLandscapeRight";
				INFOPLIST_KEY_UISupportedInterfaceOrientations_iPhone = "UIInterfaceOrientationPortrait UIInterfaceOrientationLandscapeLeft UIInterfaceOrientationLandscapeRight";
				LD_RUNPATH_SEARCH_PATHS = (
					"$(inherited)",
					"@executable_path/Frameworks",
				);
				MARKETING_VERSION = 1.0;
				PRODUCT_BUNDLE_IDENTIFIER = com.richie.Thullium;
				PRODUCT_NAME = "$(TARGET_NAME)";
				SWIFT_EMIT_LOC_STRINGS = YES;
				SWIFT_VERSION = 5.0;
				TARGETED_DEVICE_FAMILY = "1,2";
			};
			name = Release;
		};
/* End XCBuildConfiguration section */

/* Begin XCConfigurationList section */
		79F93DCF2AB21F3F0075DC69 /* Build configuration list for PBXProject "Thullium" */ = {
			isa = XCConfigurationList;
			buildConfigurations = (
				79F93DE22AB21F420075DC69 /* Debug */,
				79F93DE32AB21F420075DC69 /* Release */,
			);
			defaultConfigurationIsVisible = 0;
			defaultConfigurationName = Release;
		};
		79F93DE42AB21F420075DC69 /* Build configuration list for PBXNativeTarget "Thullium" */ = {
			isa = XCConfigurationList;
			buildConfigurations = (
				79F93DE52AB21F420075DC69 /* Debug */,
				79F93DE62AB21F420075DC69 /* Release */,
			);
			defaultConfigurationIsVisible = 0;
			defaultConfigurationName = Release;
		};
/* End XCConfigurationList section */
	};
	rootObject = 79F93DCC2AB21F3F0075DC69 /* Project object */;
}
