{
  "originHash" : "c8fb98d929174d77bada3cb68a4b0bc0eec20c0303fd34bcc3ca10880b925912",
  "pins" : [
    {
      "identity" : "swiftmath",
      "kind" : "remoteSourceControl",
      "location" : "https://github.com/mgriebling/SwiftMath.git",
      "state" : {
        "revision" : "f73b8a1f734dcee75eb01765ce8cfb6fbe4bb0e6"
      }
    }
  ],
  "version" : 3
}
